
Microsoft Visual Studio Solution File, Format Version 12.00
# Visual Studio Version 16
VisualStudioVersion = 16.0.31129.286
MinimumVisualStudioVersion = 10.0.40219.1
Project("{FAE04EC0-301F-11D3-BF4B-00C04F79EFBC}") = "Gardens", "Gardens.csproj", "{798196E8-693C-4AF8-9B6D-B1E32F87562D}"
EndProject
Global
	GlobalSection(SolutionConfigurationPlatforms) = preSolution
		Debug|Any CPU = Debug|Any CPU
		Release|Any CPU = Release|Any CPU
	EndGlobalSection
	GlobalSection(ProjectConfigurationPlatforms) = postSolution
		{798196E8-693C-4AF8-9B6D-B1E32F87562D}.Debug|Any CPU.ActiveCfg = Debug|Any CPU
		{798196E8-693C-4AF8-9B6D-B1E32F87562D}.Debug|Any CPU.Build.0 = Debug|Any CPU
		{798196E8-693C-4AF8-9B6D-B1E32F87562D}.Release|Any CPU.ActiveCfg = Release|Any CPU
		{798196E8-693C-4AF8-9B6D-B1E32F87562D}.Release|Any CPU.Build.0 = Release|Any CPU
	EndGlobalSection
	GlobalSection(SolutionProperties) = preSolution
		HideSolutionNode = FALSE
	EndGlobalSection
	GlobalSection(ExtensibilityGlobals) = postSolution
		SolutionGuid = {7E12A440-6CCF-40FC-B11F-EECF1EF7A2D9}
	EndGlobalSection
EndGlobal
