
Microsoft Visual Studio Solution File, Format Version 12.00
# Visual Studio Version 16
VisualStudioVersion = 16.0.33529.622
MinimumVisualStudioVersion = 10.0.40219.1
Project("{FAE04EC0-301F-11D3-BF4B-00C04F79EFBC}") = "Shop_Visitor", "Shop_Visitor.csproj", "{944AE4DD-594B-4C02-9D41-6707737E16A2}"
EndProject
Global
	GlobalSection(SolutionConfigurationPlatforms) = preSolution
		Debug|Any CPU = Debug|Any CPU
		Release|Any CPU = Release|Any CPU
	EndGlobalSection
	GlobalSection(ProjectConfigurationPlatforms) = postSolution
		{944AE4DD-594B-4C02-9D41-6707737E16A2}.Debug|Any CPU.ActiveCfg = Debug|Any CPU
		{944AE4DD-594B-4C02-9D41-6707737E16A2}.Debug|Any CPU.Build.0 = Debug|Any CPU
		{944AE4DD-594B-4C02-9D41-6707737E16A2}.Release|Any CPU.ActiveCfg = Release|Any CPU
		{944AE4DD-594B-4C02-9D41-6707737E16A2}.Release|Any CPU.Build.0 = Release|Any CPU
	EndGlobalSection
	GlobalSection(SolutionProperties) = preSolution
		HideSolutionNode = FALSE
	EndGlobalSection
	GlobalSection(ExtensibilityGlobals) = postSolution
		SolutionGuid = {5A31C3F3-4B93-450A-AD3A-268F55B2A4FF}
	EndGlobalSection
EndGlobal
