
Microsoft Visual Studio Solution File, Format Version 12.00
# Visual Studio Version 16
VisualStudioVersion = 16.0.31129.286
MinimumVisualStudioVersion = 10.0.40219.1
Project("{FAE04EC0-301F-11D3-BF4B-00C04F79EFBC}") = "WaterTower", "WaterTower.csproj", "{6447AD1B-8134-47D8-BDD9-45D65B62131A}"
EndProject
Global
	GlobalSection(SolutionConfigurationPlatforms) = preSolution
		Debug|Any CPU = Debug|Any CPU
		Release|Any CPU = Release|Any CPU
	EndGlobalSection
	GlobalSection(ProjectConfigurationPlatforms) = postSolution
		{6447AD1B-8134-47D8-BDD9-45D65B62131A}.Debug|Any CPU.ActiveCfg = Debug|Any CPU
		{6447AD1B-8134-47D8-BDD9-45D65B62131A}.Debug|Any CPU.Build.0 = Debug|Any CPU
		{6447AD1B-8134-47D8-BDD9-45D65B62131A}.Release|Any CPU.ActiveCfg = Release|Any CPU
		{6447AD1B-8134-47D8-BDD9-45D65B62131A}.Release|Any CPU.Build.0 = Release|Any CPU
	EndGlobalSection
	GlobalSection(SolutionProperties) = preSolution
		HideSolutionNode = FALSE
	EndGlobalSection
	GlobalSection(ExtensibilityGlobals) = postSolution
		SolutionGuid = {D33F2806-9F59-4BB6-87F2-31ABFCC81555}
	EndGlobalSection
EndGlobal
